{
  "name": "siaga-sumatra-motion",
  "lockfileVersion": 3,
  "requires": true,
  "packages": {
    "": {
      "name": "siaga-sumatra-motion",
      "dependencies": {
        "@fontsource/plus-jakarta-sans": "5.3.0",
        "playwright-core": "1.56.1"
      }
    },
    "node_modules/@fontsource/plus-jakarta-sans": {
      "version": "5.3.0",
      "resolved": "https://registry.npmjs.org/@fontsource/plus-jakarta-sans/-/plus-jakarta-sans-5.3.0.tgz",
      "integrity": "sha512-9WRw3G74Ve4cyPApAZSXLPY5DiLOZXDn7Q7dIBjFBpA0Pj56ljDItEdy2UUajjJxRuTg2HkMLO5C3K2nAQORWg==",
      "license": "OFL-1.1",
      "funding": {
        "url": "https://github.com/sponsors/ayuhito"
      }
    },
    "node_modules/playwright-core": {
      "version": "1.56.1",
      "resolved": "https://registry.npmjs.org/playwright-core/-/playwright-core-1.56.1.tgz",
      "integrity": "sha512-hutraynyn31F+Bifme+Ps9Vq59hKuUCz7H1kDOcBs+2oGguKkWTU50bBWrtz34OUWmIwpBTWDxaRPXrIXkgvmQ==",
      "license": "Apache-2.0",
      "bin": {
        "playwright-core": "cli.js"
      },
      "engines": {
        "node": ">=18"
      }
    }
  }
}
